
Microsoft Visual Studio Solution File, Format Version 12.00
# Visual Studio Version 16
VisualStudioVersion = 16.0.31605.320
MinimumVisualStudioVersion = 10.0.40219.1
Project("{9A19103F-16F7-4668-BE54-9A1E7A4F7556}") = "ExternalServices", "ExternalServices\ExternalServices.csproj", "{2EC5994F-7845-4D55-B290-242AC93611AB}"
EndProject
Project("{9A19103F-16F7-4668-BE54-9A1E7A4F7556}") = "ExchangeManagerConsole", "ExchangeManagerConsole\ExchangeManagerConsole.csproj", "{03E2A76B-86ED-46BE-B018-59BBCD3B7ECE}"
EndProject
Project("{9A19103F-16F7-4668-BE54-9A1E7A4F7556}") = "ExchangeManager", "ExchangeManager\ExchangeManager.csproj", "{1152E9AC-2558-4405-A5C1-A8F4527B6D8E}"
EndProject
Global
	GlobalSection(SolutionConfigurationPlatforms) = preSolution
		Debug|Any CPU = Debug|Any CPU
		Release|Any CPU = Release|Any CPU
	EndGlobalSection
	GlobalSection(ProjectConfigurationPlatforms) = postSolution
		{2EC5994F-7845-4D55-B290-242AC93611AB}.Debug|Any CPU.ActiveCfg = Debug|Any CPU
		{2EC5994F-7845-4D55-B290-242AC93611AB}.Debug|Any CPU.Build.0 = Debug|Any CPU
		{2EC5994F-7845-4D55-B290-242AC93611AB}.Release|Any CPU.ActiveCfg = Release|Any CPU
		{2EC5994F-7845-4D55-B290-242AC93611AB}.Release|Any CPU.Build.0 = Release|Any CPU
		{03E2A76B-86ED-46BE-B018-59BBCD3B7ECE}.Debug|Any CPU.ActiveCfg = Debug|Any CPU
		{03E2A76B-86ED-46BE-B018-59BBCD3B7ECE}.Debug|Any CPU.Build.0 = Debug|Any CPU
		{03E2A76B-86ED-46BE-B018-59BBCD3B7ECE}.Release|Any CPU.ActiveCfg = Release|Any CPU
		{03E2A76B-86ED-46BE-B018-59BBCD3B7ECE}.Release|Any CPU.Build.0 = Release|Any CPU
		{1152E9AC-2558-4405-A5C1-A8F4527B6D8E}.Debug|Any CPU.ActiveCfg = Debug|Any CPU
		{1152E9AC-2558-4405-A5C1-A8F4527B6D8E}.Debug|Any CPU.Build.0 = Debug|Any CPU
		{1152E9AC-2558-4405-A5C1-A8F4527B6D8E}.Release|Any CPU.ActiveCfg = Release|Any CPU
		{1152E9AC-2558-4405-A5C1-A8F4527B6D8E}.Release|Any CPU.Build.0 = Release|Any CPU
	EndGlobalSection
	GlobalSection(SolutionProperties) = preSolution
		HideSolutionNode = FALSE
	EndGlobalSection
	GlobalSection(ExtensibilityGlobals) = postSolution
		SolutionGuid = {A6E3ACB9-87EF-47E8-880C-31B0FA4A7224}
	EndGlobalSection
EndGlobal
